Microsoft Visual Studio Solution File, Format Version 12.00
# Visual Studio 2013
VisualStudioVersion = 12.0.30110.0
MinimumVisualStudioVersion = 10.0.40219.1
Project("{8BC9CEB8-8B4A-11D0-8D11-00A0C91BC942}") = "netloader", "loader\driver\netloader.vcxproj", "{7D21AF72-2FA4-4C13-BE8A-8186604BE0D4}"
EndProject
Project("{8BC9CEB8-8B4A-11D0-8D11-00A0C91BC942}") = "package", "loader\driver\Package\package.VcxProj", "{338C012D-7444-4AB3-82DC-BD5D248E1FEA}"
EndProject
Project("{8BC9CEB8-8B4A-11D0-8D11-00A0C91BC942}") = "lcxl_iocp", "component\lcxl_iocp\lcxl_iocp.vcxproj", "{1C484C62-698D-4B07-A646-E14F4381C8A7}"
EndProject
Project("{2150E333-8FDC-42A3-9474-1A3956D46DE8}") = "loader", "loader", "{8B1621A6-01FB-45BB-8830-119DE98BE74E}"
EndProject
Project("{8BC9CEB8-8B4A-11D0-8D11-00A0C91BC942}") = "netloader_interface", "loader\dll\netloader_interface.vcxproj", "{5DE11EDD-DA83-4D2F-B03E-604143FD109C}"
	ProjectSection(ProjectDependencies) = postProject
		{7D21AF72-2FA4-4C13-BE8A-8186604BE0D4} = {7D21AF72-2FA4-4C13-BE8A-8186604BE0D4}
	EndProjectSection
EndProject
Project("{8BC9CEB8-8B4A-11D0-8D11-00A0C91BC942}") = "LCXLNetLoaderService", "loader\service\LCXLNetLoaderService.vcxproj", "{BCD8F0B6-712D-4474-959A-634E08E5B7E7}"
	ProjectSection(ProjectDependencies) = postProject
		{1C484C62-698D-4B07-A646-E14F4381C8A7} = {1C484C62-698D-4B07-A646-E14F4381C8A7}
		{5DE11EDD-DA83-4D2F-B03E-604143FD109C} = {5DE11EDD-DA83-4D2F-B03E-604143FD109C}
	EndProjectSection
EndProject
Global
	GlobalSection(SolutionConfigurationPlatforms) = preSolution
		Debug|Win32 = Debug|Win32
		Debug|x64 = Debug|x64
		Debug-Test|Win32 = Debug-Test|Win32
		Debug-Test|x64 = Debug-Test|x64
		Release|Win32 = Release|Win32
		Release|x64 = Release|x64
		Win7 Debug|Win32 = Win7 Debug|Win32
		Win7 Debug|x64 = Win7 Debug|x64
		Win7 Release|Win32 = Win7 Release|Win32
		Win7 Release|x64 = Win7 Release|x64
		Win8 Debug|Win32 = Win8 Debug|Win32
		Win8 Debug|x64 = Win8 Debug|x64
		Win8 Release|Win32 = Win8 Release|Win32
		Win8 Release|x64 = Win8 Release|x64
		Win8.1 Debug|Win32 = Win8.1 Debug|Win32
		Win8.1 Debug|x64 = Win8.1 Debug|x64
		Win8.1 Release|Win32 = Win8.1 Release|Win32
		Win8.1 Release|x64 = Win8.1 Release|x64
	EndGlobalSection
	GlobalSection(ProjectConfigurationPlatforms) = postSolution
		{7D21AF72-2FA4-4C13-BE8A-8186604BE0D4}.Debug|Win32.ActiveCfg = Win7 Debug|Win32
		{7D21AF72-2FA4-4C13-BE8A-8186604BE0D4}.Debug|Win32.Build.0 = Win7 Debug|Win32
		{7D21AF72-2FA4-4C13-BE8A-8186604BE0D4}.Debug|Win32.Deploy.0 = Win7 Debug|Win32
		{7D21AF72-2FA4-4C13-BE8A-8186604BE0D4}.Debug|x64.ActiveCfg = Win7 Debug|x64
		{7D21AF72-2FA4-4C13-BE8A-8186604BE0D4}.Debug|x64.Build.0 = Win7 Debug|x64
		{7D21AF72-2FA4-4C13-BE8A-8186604BE0D4}.Debug|x64.Deploy.0 = Win7 Debug|x64
		{7D21AF72-2FA4-4C13-BE8A-8186604BE0D4}.Debug-Test|Win32.ActiveCfg = Win7 Debug|Win32
		{7D21AF72-2FA4-4C13-BE8A-8186604BE0D4}.Debug-Test|Win32.Build.0 = Win7 Debug|Win32
		{7D21AF72-2FA4-4C13-BE8A-8186604BE0D4}.Debug-Test|x64.ActiveCfg = Win7 Debug|x64
		{7D21AF72-2FA4-4C13-BE8A-8186604BE0D4}.Debug-Test|x64.Build.0 = Win7 Debug|x64
		{7D21AF72-2FA4-4C13-BE8A-8186604BE0D4}.Release|Win32.ActiveCfg = Win7 Release|Win32
		{7D21AF72-2FA4-4C13-BE8A-8186604BE0D4}.Release|Win32.Build.0 = Win7 Release|Win32
		{7D21AF72-2FA4-4C13-BE8A-8186604BE0D4}.Release|x64.ActiveCfg = Win7 Release|x64
		{7D21AF72-2FA4-4C13-BE8A-8186604BE0D4}.Release|x64.Build.0 = Win7 Release|x64
		{7D21AF72-2FA4-4C13-BE8A-8186604BE0D4}.Release|x64.Deploy.0 = Win7 Release|x64
		{7D21AF72-2FA4-4C13-BE8A-8186604BE0D4}.Win7 Debug|Win32.ActiveCfg = Win7 Debug|Win32
		{7D21AF72-2FA4-4C13-BE8A-8186604BE0D4}.Win7 Debug|Win32.Build.0 = Win7 Debug|Win32
		{7D21AF72-2FA4-4C13-BE8A-8186604BE0D4}.Win7 Debug|Win32.Deploy.0 = Win7 Debug|Win32
		{7D21AF72-2FA4-4C13-BE8A-8186604BE0D4}.Win7 Debug|x64.ActiveCfg = Win7 Debug|x64
		{7D21AF72-2FA4-4C13-BE8A-8186604BE0D4}.Win7 Debug|x64.Build.0 = Win7 Debug|x64
		{7D21AF72-2FA4-4C13-BE8A-8186604BE0D4}.Win7 Debug|x64.Deploy.0 = Win7 Debug|x64
		{7D21AF72-2FA4-4C13-BE8A-8186604BE0D4}.Win7 Release|Win32.ActiveCfg = Win7 Release|Win32
		{7D21AF72-2FA4-4C13-BE8A-8186604BE0D4}.Win7 Release|Win32.Build.0 = Win7 Release|Win32
		{7D21AF72-2FA4-4C13-BE8A-8186604BE0D4}.Win7 Release|Win32.Deploy.0 = Win7 Release|Win32
		{7D21AF72-2FA4-4C13-BE8A-8186604BE0D4}.Win7 Release|x64.ActiveCfg = Win7 Release|x64
		{7D21AF72-2FA4-4C13-BE8A-8186604BE0D4}.Win7 Release|x64.Build.0 = Win7 Release|x64
		{7D21AF72-2FA4-4C13-BE8A-8186604BE0D4}.Win7 Release|x64.Deploy.0 = Win7 Release|x64
		{7D21AF72-2FA4-4C13-BE8A-8186604BE0D4}.Win8 Debug|Win32.ActiveCfg = Win8 Debug|Win32
		{7D21AF72-2FA4-4C13-BE8A-8186604BE0D4}.Win8 Debug|Win32.Build.0 = Win8 Debug|Win32
		{7D21AF72-2FA4-4C13-BE8A-8186604BE0D4}.Win8 Debug|Win32.Deploy.0 = Win8 Debug|Win32
		{7D21AF72-2FA4-4C13-BE8A-8186604BE0D4}.Win8 Debug|x64.ActiveCfg = Win8 Debug|x64
		{7D21AF72-2FA4-4C13-BE8A-8186604BE0D4}.Win8 Debug|x64.Build.0 = Win8 Debug|x64
		{7D21AF72-2FA4-4C13-BE8A-8186604BE0D4}.Win8 Debug|x64.Deploy.0 = Win8 Debug|x64
		{7D21AF72-2FA4-4C13-BE8A-8186604BE0D4}.Win8 Release|Win32.ActiveCfg = Win8 Release|Win32
		{7D21AF72-2FA4-4C13-BE8A-8186604BE0D4}.Win8 Release|Win32.Build.0 = Win8 Release|Win32
		{7D21AF72-2FA4-4C13-BE8A-8186604BE0D4}.Win8 Release|Win32.Deploy.0 = Win8 Release|Win32
		{7D21AF72-2FA4-4C13-BE8A-8186604BE0D4}.Win8 Release|x64.ActiveCfg = Win8 Release|x64
		{7D21AF72-2FA4-4C13-BE8A-8186604BE0D4}.Win8 Release|x64.Build.0 = Win8 Release|x64
		{7D21AF72-2FA4-4C13-BE8A-8186604BE0D4}.Win8 Release|x64.Deploy.0 = Win8 Release|x64
		{7D21AF72-2FA4-4C13-BE8A-8186604BE0D4}.Win8.1 Debug|Win32.ActiveCfg = Win8.1 Debug|Win32
		{7D21AF72-2FA4-4C13-BE8A-8186604BE0D4}.Win8.1 Debug|Win32.Build.0 = Win8.1 Debug|Win32
		{7D21AF72-2FA4-4C13-BE8A-8186604BE0D4}.Win8.1 Debug|Win32.Deploy.0 = Win8.1 Debug|Win32
		{7D21AF72-2FA4-4C13-BE8A-8186604BE0D4}.Win8.1 Debug|x64.ActiveCfg = Win8.1 Debug|x64
		{7D21AF72-2FA4-4C13-BE8A-8186604BE0D4}.Win8.1 Debug|x64.Build.0 = Win8.1 Debug|x64
		{7D21AF72-2FA4-4C13-BE8A-8186604BE0D4}.Win8.1 Debug|x64.Deploy.0 = Win8.1 Debug|x64
		{7D21AF72-2FA4-4C13-BE8A-8186604BE0D4}.Win8.1 Release|Win32.ActiveCfg = Win8.1 Release|Win32
		{7D21AF72-2FA4-4C13-BE8A-8186604BE0D4}.Win8.1 Release|Win32.Build.0 = Win8.1 Release|Win32
		{7D21AF72-2FA4-4C13-BE8A-8186604BE0D4}.Win8.1 Release|Win32.Deploy.0 = Win8.1 Release|Win32
		{7D21AF72-2FA4-4C13-BE8A-8186604BE0D4}.Win8.1 Release|x64.ActiveCfg = Win8.1 Release|x64
		{7D21AF72-2FA4-4C13-BE8A-8186604BE0D4}.Win8.1 Release|x64.Build.0 = Win8.1 Release|x64
		{7D21AF72-2FA4-4C13-BE8A-8186604BE0D4}.Win8.1 Release|x64.Deploy.0 = Win8.1 Release|x64
		{338C012D-7444-4AB3-82DC-BD5D248E1FEA}.Debug|Win32.ActiveCfg = Win7 Debug|Win32
		{338C012D-7444-4AB3-82DC-BD5D248E1FEA}.Debug|Win32.Build.0 = Win7 Debug|Win32
		{338C012D-7444-4AB3-82DC-BD5D248E1FEA}.Debug|Win32.Deploy.0 = Win7 Debug|Win32
		{338C012D-7444-4AB3-82DC-BD5D248E1FEA}.Debug|x64.ActiveCfg = Win7 Debug|x64
		{338C012D-7444-4AB3-82DC-BD5D248E1FEA}.Debug|x64.Build.0 = Win7 Debug|x64
		{338C012D-7444-4AB3-82DC-BD5D248E1FEA}.Debug|x64.Deploy.0 = Win7 Debug|x64
		{338C012D-7444-4AB3-82DC-BD5D248E1FEA}.Debug-Test|Win32.ActiveCfg = Win7 Debug|Win32
		{338C012D-7444-4AB3-82DC-BD5D248E1FEA}.Debug-Test|Win32.Build.0 = Win7 Debug|Win32
		{338C012D-7444-4AB3-82DC-BD5D248E1FEA}.Debug-Test|x64.ActiveCfg = Win7 Debug|x64
		{338C012D-7444-4AB3-82DC-BD5D248E1FEA}.Debug-Test|x64.Build.0 = Win7 Debug|x64
		{338C012D-7444-4AB3-82DC-BD5D248E1FEA}.Release|Win32.ActiveCfg = Win7 Release|Win32
		{338C012D-7444-4AB3-82DC-BD5D248E1FEA}.Release|Win32.Build.0 = Win7 Release|Win32
		{338C012D-7444-4AB3-82DC-BD5D248E1FEA}.Release|Win32.Deploy.0 = Win7 Release|Win32
		{338C012D-7444-4AB3-82DC-BD5D248E1FEA}.Release|x64.ActiveCfg = Win7 Release|x64
		{338C012D-7444-4AB3-82DC-BD5D248E1FEA}.Release|x64.Build.0 = Win7 Release|x64
		{338C012D-7444-4AB3-82DC-BD5D248E1FEA}.Release|x64.Deploy.0 = Win7 Release|x64
		{338C012D-7444-4AB3-82DC-BD5D248E1FEA}.Win7 Debug|Win32.ActiveCfg = Win7 Debug|Win32
		{338C012D-7444-4AB3-82DC-BD5D248E1FEA}.Win7 Debug|Win32.Build.0 = Win7 Debug|Win32
		{338C012D-7444-4AB3-82DC-BD5D248E1FEA}.Win7 Debug|Win32.Deploy.0 = Win7 Debug|Win32
		{338C012D-7444-4AB3-82DC-BD5D248E1FEA}.Win7 Debug|x64.ActiveCfg = Win7 Debug|x64
		{338C012D-7444-4AB3-82DC-BD5D248E1FEA}.Win7 Debug|x64.Build.0 = Win7 Debug|x64
		{338C012D-7444-4AB3-82DC-BD5D248E1FEA}.Win7 Debug|x64.Deploy.0 = Win7 Debug|x64
		{338C012D-7444-4AB3-82DC-BD5D248E1FEA}.Win7 Release|Win32.ActiveCfg = Win7 Release|Win32
		{338C012D-7444-4AB3-82DC-BD5D248E1FEA}.Win7 Release|Win32.Build.0 = Win7 Release|Win32
		{338C012D-7444-4AB3-82DC-BD5D248E1FEA}.Win7 Release|Win32.Deploy.0 = Win7 Release|Win32
		{338C012D-7444-4AB3-82DC-BD5D248E1FEA}.Win7 Release|x64.ActiveCfg = Win7 Release|x64
		{338C012D-7444-4AB3-82DC-BD5D248E1FEA}.Win7 Release|x64.Build.0 = Win7 Release|x64
		{338C012D-7444-4AB3-82DC-BD5D248E1FEA}.Win7 Release|x64.Deploy.0 = Win7 Release|x64
		{338C012D-7444-4AB3-82DC-BD5D248E1FEA}.Win8 Debug|Win32.ActiveCfg = Win8 Debug|Win32
		{338C012D-7444-4AB3-82DC-BD5D248E1FEA}.Win8 Debug|Win32.Build.0 = Win8 Debug|Win32
		{338C012D-7444-4AB3-82DC-BD5D248E1FEA}.Win8 Debug|Win32.Deploy.0 = Win8 Debug|Win32
		{338C012D-7444-4AB3-82DC-BD5D248E1FEA}.Win8 Debug|x64.ActiveCfg = Win8 Debug|x64
		{338C012D-7444-4AB3-82DC-BD5D248E1FEA}.Win8 Debug|x64.Build.0 = Win8 Debug|x64
		{338C012D-7444-4AB3-82DC-BD5D248E1FEA}.Win8 Debug|x64.Deploy.0 = Win8 Debug|x64
		{338C012D-7444-4AB3-82DC-BD5D248E1FEA}.Win8 Release|Win32.ActiveCfg = Win8 Release|Win32
		{338C012D-7444-4AB3-82DC-BD5D248E1FEA}.Win8 Release|Win32.Build.0 = Win8 Release|Win32
		{338C012D-7444-4AB3-82DC-BD5D248E1FEA}.Win8 Release|Win32.Deploy.0 = Win8 Release|Win32
		{338C012D-7444-4AB3-82DC-BD5D248E1FEA}.Win8 Release|x64.ActiveCfg = Win8 Release|x64
		{338C012D-7444-4AB3-82DC-BD5D248E1FEA}.Win8 Release|x64.Build.0 = Win8 Release|x64
		{338C012D-7444-4AB3-82DC-BD5D248E1FEA}.Win8 Release|x64.Deploy.0 = Win8 Release|x64
		{338C012D-7444-4AB3-82DC-BD5D248E1FEA}.Win8.1 Debug|Win32.ActiveCfg = Win8.1 Debug|Win32
		{338C012D-7444-4AB3-82DC-BD5D248E1FEA}.Win8.1 Debug|Win32.Build.0 = Win8.1 Debug|Win32
		{338C012D-7444-4AB3-82DC-BD5D248E1FEA}.Win8.1 Debug|Win32.Deploy.0 = Win8.1 Debug|Win32
		{338C012D-7444-4AB3-82DC-BD5D248E1FEA}.Win8.1 Debug|x64.ActiveCfg = Win8.1 Debug|x64
		{338C012D-7444-4AB3-82DC-BD5D248E1FEA}.Win8.1 Debug|x64.Build.0 = Win8.1 Debug|x64
		{338C012D-7444-4AB3-82DC-BD5D248E1FEA}.Win8.1 Debug|x64.Deploy.0 = Win8.1 Debug|x64
		{338C012D-7444-4AB3-82DC-BD5D248E1FEA}.Win8.1 Release|Win32.ActiveCfg = Win8.1 Release|Win32
		{338C012D-7444-4AB3-82DC-BD5D248E1FEA}.Win8.1 Release|Win32.Build.0 = Win8.1 Release|Win32
		{338C012D-7444-4AB3-82DC-BD5D248E1FEA}.Win8.1 Release|Win32.Deploy.0 = Win8.1 Release|Win32
		{338C012D-7444-4AB3-82DC-BD5D248E1FEA}.Win8.1 Release|x64.ActiveCfg = Win8.1 Release|x64
		{338C012D-7444-4AB3-82DC-BD5D248E1FEA}.Win8.1 Release|x64.Build.0 = Win8.1 Release|x64
		{338C012D-7444-4AB3-82DC-BD5D248E1FEA}.Win8.1 Release|x64.Deploy.0 = Win8.1 Release|x64
		{1C484C62-698D-4B07-A646-E14F4381C8A7}.Debug|Win32.ActiveCfg = Debug|Win32
		{1C484C62-698D-4B07-A646-E14F4381C8A7}.Debug|Win32.Build.0 = Debug|Win32
		{1C484C62-698D-4B07-A646-E14F4381C8A7}.Debug|x64.ActiveCfg = Debug|x64
		{1C484C62-698D-4B07-A646-E14F4381C8A7}.Debug|x64.Build.0 = Debug|x64
		{1C484C62-698D-4B07-A646-E14F4381C8A7}.Debug-Test|Win32.ActiveCfg = Debug|Win32
		{1C484C62-698D-4B07-A646-E14F4381C8A7}.Debug-Test|Win32.Build.0 = Debug|Win32
		{1C484C62-698D-4B07-A646-E14F4381C8A7}.Debug-Test|x64.ActiveCfg = Debug|x64
		{1C484C62-698D-4B07-A646-E14F4381C8A7}.Debug-Test|x64.Build.0 = Debug|x64
		{1C484C62-698D-4B07-A646-E14F4381C8A7}.Release|Win32.ActiveCfg = Release|Win32
		{1C484C62-698D-4B07-A646-E14F4381C8A7}.Release|Win32.Build.0 = Release|Win32
		{1C484C62-698D-4B07-A646-E14F4381C8A7}.Release|x64.ActiveCfg = Release|x64
		{1C484C62-698D-4B07-A646-E14F4381C8A7}.Release|x64.Build.0 = Release|x64
		{1C484C62-698D-4B07-A646-E14F4381C8A7}.Win7 Debug|Win32.ActiveCfg = Debug|Win32
		{1C484C62-698D-4B07-A646-E14F4381C8A7}.Win7 Debug|Win32.Build.0 = Debug|Win32
		{1C484C62-698D-4B07-A646-E14F4381C8A7}.Win7 Debug|x64.ActiveCfg = Debug|x64
		{1C484C62-698D-4B07-A646-E14F4381C8A7}.Win7 Debug|x64.Build.0 = Debug|x64
		{1C484C62-698D-4B07-A646-E14F4381C8A7}.Win7 Release|Win32.ActiveCfg = Release|Win32
		{1C484C62-698D-4B07-A646-E14F4381C8A7}.Win7 Release|Win32.Build.0 = Release|Win32
		{1C484C62-698D-4B07-A646-E14F4381C8A7}.Win7 Release|x64.ActiveCfg = Release|x64
		{1C484C62-698D-4B07-A646-E14F4381C8A7}.Win7 Release|x64.Build.0 = Release|x64
		{1C484C62-698D-4B07-A646-E14F4381C8A7}.Win8 Debug|Win32.ActiveCfg = Debug|Win32
		{1C484C62-698D-4B07-A646-E14F4381C8A7}.Win8 Debug|Win32.Build.0 = Debug|Win32
		{1C484C62-698D-4B07-A646-E14F4381C8A7}.Win8 Debug|x64.ActiveCfg = Debug|x64
		{1C484C62-698D-4B07-A646-E14F4381C8A7}.Win8 Debug|x64.Build.0 = Debug|x64
		{1C484C62-698D-4B07-A646-E14F4381C8A7}.Win8 Release|Win32.ActiveCfg = Release|Win32
		{1C484C62-698D-4B07-A646-E14F4381C8A7}.Win8 Release|Win32.Build.0 = Release|Win32
		{1C484C62-698D-4B07-A646-E14F4381C8A7}.Win8 Release|x64.ActiveCfg = Release|x64
		{1C484C62-698D-4B07-A646-E14F4381C8A7}.Win8 Release|x64.Build.0 = Release|x64
		{1C484C62-698D-4B07-A646-E14F4381C8A7}.Win8.1 Debug|Win32.ActiveCfg = Debug|Win32
		{1C484C62-698D-4B07-A646-E14F4381C8A7}.Win8.1 Debug|Win32.Build.0 = Debug|Win32
		{1C484C62-698D-4B07-A646-E14F4381C8A7}.Win8.1 Debug|x64.ActiveCfg = Debug|x64
		{1C484C62-698D-4B07-A646-E14F4381C8A7}.Win8.1 Debug|x64.Build.0 = Debug|x64
		{1C484C62-698D-4B07-A646-E14F4381C8A7}.Win8.1 Release|Win32.ActiveCfg = Release|Win32
		{1C484C62-698D-4B07-A646-E14F4381C8A7}.Win8.1 Release|Win32.Build.0 = Release|Win32
		{1C484C62-698D-4B07-A646-E14F4381C8A7}.Win8.1 Release|x64.ActiveCfg = Release|x64
		{1C484C62-698D-4B07-A646-E14F4381C8A7}.Win8.1 Release|x64.Build.0 = Release|x64
		{5DE11EDD-DA83-4D2F-B03E-604143FD109C}.Debug|Win32.ActiveCfg = Win7 Debug|Win32
		{5DE11EDD-DA83-4D2F-B03E-604143FD109C}.Debug|Win32.Build.0 = Win7 Debug|Win32
		{5DE11EDD-DA83-4D2F-B03E-604143FD109C}.Debug|Win32.Deploy.0 = Win7 Debug|Win32
		{5DE11EDD-DA83-4D2F-B03E-604143FD109C}.Debug|x64.ActiveCfg = Win7 Debug|x64
		{5DE11EDD-DA83-4D2F-B03E-604143FD109C}.Debug|x64.Build.0 = Win7 Debug|x64
		{5DE11EDD-DA83-4D2F-B03E-604143FD109C}.Debug|x64.Deploy.0 = Win7 Debug|x64
		{5DE11EDD-DA83-4D2F-B03E-604143FD109C}.Debug-Test|Win32.ActiveCfg = Win7 Debug|Win32
		{5DE11EDD-DA83-4D2F-B03E-604143FD109C}.Debug-Test|Win32.Build.0 = Win7 Debug|Win32
		{5DE11EDD-DA83-4D2F-B03E-604143FD109C}.Debug-Test|x64.ActiveCfg = Win7 Debug|x64
		{5DE11EDD-DA83-4D2F-B03E-604143FD109C}.Debug-Test|x64.Build.0 = Win7 Debug|x64
		{5DE11EDD-DA83-4D2F-B03E-604143FD109C}.Release|Win32.ActiveCfg = Win7 Release|Win32
		{5DE11EDD-DA83-4D2F-B03E-604143FD109C}.Release|Win32.Build.0 = Win7 Release|Win32
		{5DE11EDD-DA83-4D2F-B03E-604143FD109C}.Release|Win32.Deploy.0 = Win7 Release|Win32
		{5DE11EDD-DA83-4D2F-B03E-604143FD109C}.Release|x64.ActiveCfg = Win7 Release|x64
		{5DE11EDD-DA83-4D2F-B03E-604143FD109C}.Release|x64.Build.0 = Win7 Release|x64
		{5DE11EDD-DA83-4D2F-B03E-604143FD109C}.Release|x64.Deploy.0 = Win7 Release|x64
		{5DE11EDD-DA83-4D2F-B03E-604143FD109C}.Win7 Debug|Win32.ActiveCfg = Win7 Debug|Win32
		{5DE11EDD-DA83-4D2F-B03E-604143FD109C}.Win7 Debug|Win32.Build.0 = Win7 Debug|Win32
		{5DE11EDD-DA83-4D2F-B03E-604143FD109C}.Win7 Debug|Win32.Deploy.0 = Win7 Debug|Win32
		{5DE11EDD-DA83-4D2F-B03E-604143FD109C}.Win7 Debug|x64.ActiveCfg = Win7 Debug|x64
		{5DE11EDD-DA83-4D2F-B03E-604143FD109C}.Win7 Debug|x64.Build.0 = Win7 Debug|x64
		{5DE11EDD-DA83-4D2F-B03E-604143FD109C}.Win7 Debug|x64.Deploy.0 = Win7 Debug|x64
		{5DE11EDD-DA83-4D2F-B03E-604143FD109C}.Win7 Release|Win32.ActiveCfg = Win7 Release|Win32
		{5DE11EDD-DA83-4D2F-B03E-604143FD109C}.Win7 Release|Win32.Build.0 = Win7 Release|Win32
		{5DE11EDD-DA83-4D2F-B03E-604143FD109C}.Win7 Release|Win32.Deploy.0 = Win7 Release|Win32
		{5DE11EDD-DA83-4D2F-B03E-604143FD109C}.Win7 Release|x64.ActiveCfg = Win7 Release|x64
		{5DE11EDD-DA83-4D2F-B03E-604143FD109C}.Win7 Release|x64.Build.0 = Win7 Release|x64
		{5DE11EDD-DA83-4D2F-B03E-604143FD109C}.Win7 Release|x64.Deploy.0 = Win7 Release|x64
		{5DE11EDD-DA83-4D2F-B03E-604143FD109C}.Win8 Debug|Win32.ActiveCfg = Win8 Debug|Win32
		{5DE11EDD-DA83-4D2F-B03E-604143FD109C}.Win8 Debug|Win32.Build.0 = Win8 Debug|Win32
		{5DE11EDD-DA83-4D2F-B03E-604143FD109C}.Win8 Debug|Win32.Deploy.0 = Win8 Debug|Win32
		{5DE11EDD-DA83-4D2F-B03E-604143FD109C}.Win8 Debug|x64.ActiveCfg = Win8 Debug|x64
		{5DE11EDD-DA83-4D2F-B03E-604143FD109C}.Win8 Debug|x64.Build.0 = Win8 Debug|x64
		{5DE11EDD-DA83-4D2F-B03E-604143FD109C}.Win8 Debug|x64.Deploy.0 = Win8 Debug|x64
		{5DE11EDD-DA83-4D2F-B03E-604143FD109C}.Win8 Release|Win32.ActiveCfg = Win8 Release|Win32
		{5DE11EDD-DA83-4D2F-B03E-604143FD109C}.Win8 Release|Win32.Build.0 = Win8 Release|Win32
		{5DE11EDD-DA83-4D2F-B03E-604143FD109C}.Win8 Release|Win32.Deploy.0 = Win8 Release|Win32
		{5DE11EDD-DA83-4D2F-B03E-604143FD109C}.Win8 Release|x64.ActiveCfg = Win8 Release|x64
		{5DE11EDD-DA83-4D2F-B03E-604143FD109C}.Win8 Release|x64.Build.0 = Win8 Release|x64
		{5DE11EDD-DA83-4D2F-B03E-604143FD109C}.Win8 Release|x64.Deploy.0 = Win8 Release|x64
		{5DE11EDD-DA83-4D2F-B03E-604143FD109C}.Win8.1 Debug|Win32.ActiveCfg = Win8.1 Debug|Win32
		{5DE11EDD-DA83-4D2F-B03E-604143FD109C}.Win8.1 Debug|Win32.Build.0 = Win8.1 Debug|Win32
		{5DE11EDD-DA83-4D2F-B03E-604143FD109C}.Win8.1 Debug|Win32.Deploy.0 = Win8.1 Debug|Win32
		{5DE11EDD-DA83-4D2F-B03E-604143FD109C}.Win8.1 Debug|x64.ActiveCfg = Win8.1 Debug|x64
		{5DE11EDD-DA83-4D2F-B03E-604143FD109C}.Win8.1 Debug|x64.Build.0 = Win8.1 Debug|x64
		{5DE11EDD-DA83-4D2F-B03E-604143FD109C}.Win8.1 Debug|x64.Deploy.0 = Win8.1 Debug|x64
		{5DE11EDD-DA83-4D2F-B03E-604143FD109C}.Win8.1 Release|Win32.ActiveCfg = Win8.1 Release|Win32
		{5DE11EDD-DA83-4D2F-B03E-604143FD109C}.Win8.1 Release|Win32.Build.0 = Win8.1 Release|Win32
		{5DE11EDD-DA83-4D2F-B03E-604143FD109C}.Win8.1 Release|Win32.Deploy.0 = Win8.1 Release|Win32
		{5DE11EDD-DA83-4D2F-B03E-604143FD109C}.Win8.1 Release|x64.ActiveCfg = Win8.1 Release|x64
		{5DE11EDD-DA83-4D2F-B03E-604143FD109C}.Win8.1 Release|x64.Build.0 = Win8.1 Release|x64
		{5DE11EDD-DA83-4D2F-B03E-604143FD109C}.Win8.1 Release|x64.Deploy.0 = Win8.1 Release|x64
		{BCD8F0B6-712D-4474-959A-634E08E5B7E7}.Debug|Win32.ActiveCfg = Debug|Win32
		{BCD8F0B6-712D-4474-959A-634E08E5B7E7}.Debug|Win32.Build.0 = Debug|Win32
		{BCD8F0B6-712D-4474-959A-634E08E5B7E7}.Debug|x64.ActiveCfg = Debug|x64
		{BCD8F0B6-712D-4474-959A-634E08E5B7E7}.Debug|x64.Build.0 = Debug|x64
		{BCD8F0B6-712D-4474-959A-634E08E5B7E7}.Debug-Test|Win32.ActiveCfg = Debug-Test|Win32
		{BCD8F0B6-712D-4474-959A-634E08E5B7E7}.Debug-Test|Win32.Build.0 = Debug-Test|Win32
		{BCD8F0B6-712D-4474-959A-634E08E5B7E7}.Debug-Test|x64.ActiveCfg = Debug-Test|x64
		{BCD8F0B6-712D-4474-959A-634E08E5B7E7}.Debug-Test|x64.Build.0 = Debug-Test|x64
		{BCD8F0B6-712D-4474-959A-634E08E5B7E7}.Release|Win32.ActiveCfg = Release|Win32
		{BCD8F0B6-712D-4474-959A-634E08E5B7E7}.Release|Win32.Build.0 = Release|Win32
		{BCD8F0B6-712D-4474-959A-634E08E5B7E7}.Release|x64.ActiveCfg = Release|x64
		{BCD8F0B6-712D-4474-959A-634E08E5B7E7}.Release|x64.Build.0 = Release|x64
		{BCD8F0B6-712D-4474-959A-634E08E5B7E7}.Win7 Debug|Win32.ActiveCfg = Debug|Win32
		{BCD8F0B6-712D-4474-959A-634E08E5B7E7}.Win7 Debug|Win32.Build.0 = Debug|Win32
		{BCD8F0B6-712D-4474-959A-634E08E5B7E7}.Win7 Debug|x64.ActiveCfg = Debug|x64
		{BCD8F0B6-712D-4474-959A-634E08E5B7E7}.Win7 Debug|x64.Build.0 = Debug|x64
		{BCD8F0B6-712D-4474-959A-634E08E5B7E7}.Win7 Release|Win32.ActiveCfg = Release|Win32
		{BCD8F0B6-712D-4474-959A-634E08E5B7E7}.Win7 Release|Win32.Build.0 = Release|Win32
		{BCD8F0B6-712D-4474-959A-634E08E5B7E7}.Win7 Release|x64.ActiveCfg = Release|x64
		{BCD8F0B6-712D-4474-959A-634E08E5B7E7}.Win7 Release|x64.Build.0 = Release|x64
		{BCD8F0B6-712D-4474-959A-634E08E5B7E7}.Win8 Debug|Win32.ActiveCfg = Debug|Win32
		{BCD8F0B6-712D-4474-959A-634E08E5B7E7}.Win8 Debug|Win32.Build.0 = Debug|Win32
		{BCD8F0B6-712D-4474-959A-634E08E5B7E7}.Win8 Debug|x64.ActiveCfg = Debug|x64
		{BCD8F0B6-712D-4474-959A-634E08E5B7E7}.Win8 Debug|x64.Build.0 = Debug|x64
		{BCD8F0B6-712D-4474-959A-634E08E5B7E7}.Win8 Release|Win32.ActiveCfg = Release|Win32
		{BCD8F0B6-712D-4474-959A-634E08E5B7E7}.Win8 Release|Win32.Build.0 = Release|Win32
		{BCD8F0B6-712D-4474-959A-634E08E5B7E7}.Win8 Release|x64.ActiveCfg = Release|x64
		{BCD8F0B6-712D-4474-959A-634E08E5B7E7}.Win8 Release|x64.Build.0 = Release|x64
		{BCD8F0B6-712D-4474-959A-634E08E5B7E7}.Win8.1 Debug|Win32.ActiveCfg = Debug|Win32
		{BCD8F0B6-712D-4474-959A-634E08E5B7E7}.Win8.1 Debug|Win32.Build.0 = Debug|Win32
		{BCD8F0B6-712D-4474-959A-634E08E5B7E7}.Win8.1 Debug|x64.ActiveCfg = Debug|x64
		{BCD8F0B6-712D-4474-959A-634E08E5B7E7}.Win8.1 Debug|x64.Build.0 = Debug|x64
		{BCD8F0B6-712D-4474-959A-634E08E5B7E7}.Win8.1 Release|Win32.ActiveCfg = Release|Win32
		{BCD8F0B6-712D-4474-959A-634E08E5B7E7}.Win8.1 Release|Win32.Build.0 = Release|Win32
		{BCD8F0B6-712D-4474-959A-634E08E5B7E7}.Win8.1 Release|x64.ActiveCfg = Release|x64
		{BCD8F0B6-712D-4474-959A-634E08E5B7E7}.Win8.1 Release|x64.Build.0 = Release|x64
	EndGlobalSection
	GlobalSection(SolutionProperties) = preSolution
		HideSolutionNode = FALSE
	EndGlobalSection
	GlobalSection(NestedProjects) = preSolution
		{7D21AF72-2FA4-4C13-BE8A-8186604BE0D4} = {8B1621A6-01FB-45BB-8830-119DE98BE74E}
		{5DE11EDD-DA83-4D2F-B03E-604143FD109C} = {8B1621A6-01FB-45BB-8830-119DE98BE74E}
		{BCD8F0B6-712D-4474-959A-634E08E5B7E7} = {8B1621A6-01FB-45BB-8830-119DE98BE74E}
	EndGlobalSection
EndGlobal
